
Microsoft Visual Studio Solution File, Format Version 12.00
# Visual Studio Version 16
VisualStudioVersion = 16.0.29920.165
MinimumVisualStudioVersion = 10.0.40219.1
Project("{FAE04EC0-301F-11D3-BF4B-00C04F79EFBC}") = "Grafo", "Grafo\Grafo.csproj", "{6227E536-8C47-4213-B28F-7F6D39F8F3A2}"
EndProject
Global
	GlobalSection(SolutionConfigurationPlatforms) = preSolution
		Debug|Any CPU = Debug|Any CPU
		Release|Any CPU = Release|Any CPU
	EndGlobalSection
	GlobalSection(ProjectConfigurationPlatforms) = postSolution
		{6227E536-8C47-4213-B28F-7F6D39F8F3A2}.Debug|Any CPU.ActiveCfg = Debug|Any CPU
		{6227E536-8C47-4213-B28F-7F6D39F8F3A2}.Debug|Any CPU.Build.0 = Debug|Any CPU
		{6227E536-8C47-4213-B28F-7F6D39F8F3A2}.Release|Any CPU.ActiveCfg = Release|Any CPU
		{6227E536-8C47-4213-B28F-7F6D39F8F3A2}.Release|Any CPU.Build.0 = Release|Any CPU
	EndGlobalSection
	GlobalSection(SolutionProperties) = preSolution
		HideSolutionNode = FALSE
	EndGlobalSection
	GlobalSection(ExtensibilityGlobals) = postSolution
		SolutionGuid = {A9E2E8AE-E7C7-492B-9636-CE245883FD10}
	EndGlobalSection
EndGlobal
